
Microsoft Visual Studio Solution File, Format Version 12.00
# Visual Studio Version 17
VisualStudioVersion = 17.5.33516.290
MinimumVisualStudioVersion = 10.0.40219.1
Project("{FAE04EC0-301F-11D3-BF4B-00C04F79EFBC}") = "Mission12", "Mission12.csproj", "{4B8CDBE5-23C0-4CDE-8EC8-A2D44D2F883D}"
EndProject
Global
	GlobalSection(SolutionConfigurationPlatforms) = preSolution
		Debug|Any CPU = Debug|Any CPU
		Release|Any CPU = Release|Any CPU
	EndGlobalSection
	GlobalSection(ProjectConfigurationPlatforms) = postSolution
		{4B8CDBE5-23C0-4CDE-8EC8-A2D44D2F883D}.Debug|Any CPU.ActiveCfg = Debug|Any CPU
		{4B8CDBE5-23C0-4CDE-8EC8-A2D44D2F883D}.Debug|Any CPU.Build.0 = Debug|Any CPU
		{4B8CDBE5-23C0-4CDE-8EC8-A2D44D2F883D}.Release|Any CPU.ActiveCfg = Release|Any CPU
		{4B8CDBE5-23C0-4CDE-8EC8-A2D44D2F883D}.Release|Any CPU.Build.0 = Release|Any CPU
	EndGlobalSection
	GlobalSection(SolutionProperties) = preSolution
		HideSolutionNode = FALSE
	EndGlobalSection
	GlobalSection(ExtensibilityGlobals) = postSolution
		SolutionGuid = {16066F24-46BE-4E0C-895E-CFE92034E157}
	EndGlobalSection
EndGlobal
